dependencies:
- name: victoria-metrics-k8s-stack
  repository: https://victoriametrics.github.io/helm-charts/
  version: 0.45.0
- name: my-app
  repository: file://../my-app
  version: 0.1.0
digest: sha256:5c5d45bdb11872e048430581847cb2a8908a51ab77f28d187ed20ba1d17908c9
generated: "2025-11-04T20:10:27.415676+02:00"
